
Microsoft Visual Studio Solution File, Format Version 12.00
# Visual Studio Version 17
VisualStudioVersion = 17.0.32112.339
MinimumVisualStudioVersion = 10.0.40219.1
Project("{FAE04EC0-301F-11D3-BF4B-00C04F79EFBC}") = "DividendTaxes", "DividendTaxes\DividendTaxes.csproj", "{977DAC7D-6470-40D5-AEAA-664908DC3751}"
EndProject
Global
	GlobalSection(SolutionConfigurationPlatforms) = preSolution
		Debug|Any CPU = Debug|Any CPU
		Release|Any CPU = Release|Any CPU
	EndGlobalSection
	GlobalSection(ProjectConfigurationPlatforms) = postSolution
		{977DAC7D-6470-40D5-AEAA-664908DC3751}.Debug|Any CPU.ActiveCfg = Debug|Any CPU
		{977DAC7D-6470-40D5-AEAA-664908DC3751}.Debug|Any CPU.Build.0 = Debug|Any CPU
		{977DAC7D-6470-40D5-AEAA-664908DC3751}.Release|Any CPU.ActiveCfg = Release|Any CPU
		{977DAC7D-6470-40D5-AEAA-664908DC3751}.Release|Any CPU.Build.0 = Release|Any CPU
	EndGlobalSection
	GlobalSection(SolutionProperties) = preSolution
		HideSolutionNode = FALSE
	EndGlobalSection
	GlobalSection(ExtensibilityGlobals) = postSolution
		SolutionGuid = {FEB97B55-0505-4228-BADC-DCE9E30A1939}
	EndGlobalSection
EndGlobal
